// !$*UTF8*$!
{
	archiveVersion = 1;
	classes = {
	};
	objectVersion = 55;
	objects = {

/* Begin PBXBuildFile section */
		313E4F2A28510BFF00DC7CFD /* AppDelegate.swift in Sources */ = {isa = PBXBuildFile; fileRef = 313E4F2928510BFF00DC7CFD /* AppDelegate.swift */; };
		313E4F2C28510BFF00DC7CFD /* SceneDelegate.swift in Sources */ = {isa = PBXBuildFile; fileRef = 313E4F2B28510BFF00DC7CFD /* SceneDelegate.swift */; };
		313E4F2E28510C0000DC7CFD /* MainViewController.swift in Sources */ = {isa = PBXBuildFile; fileRef = 313E4F2D28510C0000DC7CFD /* MainViewController.swift */; };
		313E4F3128510C0000DC7CFD /* Main.storyboard in Resources */ = {isa = PBXBuildFile; fileRef = 313E4F2F28510C0000DC7CFD /* Main.storyboard */; };
		313E4F3328510C0100DC7CFD /* Assets.xcassets in Resources */ = {isa = PBXBuildFile; fileRef = 313E4F3228510C0100DC7CFD /* Assets.xcassets */; };
		313E4F3628510C0100DC7CFD /* LaunchScreen.storyboard in Resources */ = {isa = PBXBuildFile; fileRef = 313E4F3428510C0100DC7CFD /* LaunchScreen.storyboard */; };
		313E4F4128510C0100DC7CFD /* CiriceTests.swift in Sources */ = {isa = PBXBuildFile; fileRef = 313E4F4028510C0100DC7CFD /* CiriceTests.swift */; };
		313E4F4B28510C0100DC7CFD /* CiriceUITests.swift in Sources */ = {isa = PBXBuildFile; fileRef = 313E4F4A28510C0100DC7CFD /* CiriceUITests.swift */; };
		313E4F4D28510C0100DC7CFD /* CiriceUITestsLaunchTests.swift in Sources */ = {isa = PBXBuildFile; fileRef = 313E4F4C28510C0100DC7CFD /* CiriceUITestsLaunchTests.swift */; };
		313E4F5C28510C6400DC7CFD /* CiriceSDK in Frameworks */ = {isa = PBXBuildFile; productRef = 313E4F5B28510C6400DC7CFD /* CiriceSDK */; };
		315863C62854E04000814E3A /* MainDataSource.swift in Sources */ = {isa = PBXBuildFile; fileRef = 315863C52854E04000814E3A /* MainDataSource.swift */; };
		315863C82854E04900814E3A /* MainDelegate.swift in Sources */ = {isa = PBXBuildFile; fileRef = 315863C72854E04900814E3A /* MainDelegate.swift */; };
		315863CE2854E4F900814E3A /* MainTableViewCell.swift in Sources */ = {isa = PBXBuildFile; fileRef = 315863CD2854E4F900814E3A /* MainTableViewCell.swift */; };
		315863D52854F54F00814E3A /* PictureRequesterViewController.swift in Sources */ = {isa = PBXBuildFile; fileRef = 315863D42854F54F00814E3A /* PictureRequesterViewController.swift */; };
		315863D72854F8C300814E3A /* Models.swift in Sources */ = {isa = PBXBuildFile; fileRef = 315863D62854F8C300814E3A /* Models.swift */; };
		315863DA2855078400814E3A /* PictureRequesterInteractor.swift in Sources */ = {isa = PBXBuildFile; fileRef = 315863D92855078400814E3A /* PictureRequesterInteractor.swift */; };
		315863DC2855079700814E3A /* PictureRequesterPresenter.swift in Sources */ = {isa = PBXBuildFile; fileRef = 315863DB2855079700814E3A /* PictureRequesterPresenter.swift */; };
		315863DE28550CCC00814E3A /* CiriceRouter.swift in Sources */ = {isa = PBXBuildFile; fileRef = 315863DD28550CCC00814E3A /* CiriceRouter.swift */; };
		315863E028551BEB00814E3A /* ImagePickerDelegate.swift in Sources */ = {isa = PBXBuildFile; fileRef = 315863DF28551BEB00814E3A /* ImagePickerDelegate.swift */; };
/* End PBXBuildFile section */

/* Begin PBXContainerItemProxy section */
		313E4F3D28510C0100DC7CFD /* PBXContainerItemProxy */ = {
			isa = PBXContainerItemProxy;
			containerPortal = 313E4F1E28510BFF00DC7CFD /* Project object */;
			proxyType = 1;
			remoteGlobalIDString = 313E4F2528510BFF00DC7CFD;
			remoteInfo = Cirice;
		};
		313E4F4728510C0100DC7CFD /* PBXContainerItemProxy */ = {
			isa = PBXContainerItemProxy;
			containerPortal = 313E4F1E28510BFF00DC7CFD /* Project object */;
			proxyType = 1;
			remoteGlobalIDString = 313E4F2528510BFF00DC7CFD;
			remoteInfo = Cirice;
		};
/* End PBXContainerItemProxy section */

/* Begin PBXFileReference section */
		313E4F2628510BFF00DC7CFD /* Cirice.app */ = {isa = PBXFileReference; explicitFileType = wrapper.application; includeInIndex = 0; path = Cirice.app; sourceTree = BUILT_PRODUCTS_DIR; };
		313E4F2928510BFF00DC7CFD /* AppDelegate.swift */ = {isa = PBXFileReference; lastKnownFileType = sourcecode.swift; path = AppDelegate.swift; sourceTree = "<group>"; };
		313E4F2B28510BFF00DC7CFD /* SceneDelegate.swift */ = {isa = PBXFileReference; lastKnownFileType = sourcecode.swift; path = SceneDelegate.swift; sourceTree = "<group>"; };
		313E4F2D28510C0000DC7CFD /* MainViewController.swift */ = {isa = PBXFileReference; lastKnownFileType = sourcecode.swift; path = MainViewController.swift; sourceTree = "<group>"; };
		313E4F3028510C0000DC7CFD /* Base */ = {isa = PBXFileReference; lastKnownFileType = file.storyboard; name = Base; path = Base.lproj/Main.storyboard; sourceTree = "<group>"; };
		313E4F3228510C0100DC7CFD /* Assets.xcassets */ = {isa = PBXFileReference; lastKnownFileType = folder.assetcatalog; path = Assets.xcassets; sourceTree = "<group>"; };
		313E4F3528510C0100DC7CFD /* Base */ = {isa = PBXFileReference; lastKnownFileType = file.storyboard; name = Base; path = Base.lproj/LaunchScreen.storyboard; sourceTree = "<group>"; };
		313E4F3728510C0100DC7CFD /* Info.plist */ = {isa = PBXFileReference; lastKnownFileType = text.plist.xml; path = Info.plist; sourceTree = "<group>"; };
		313E4F3C28510C0100DC7CFD /* CiriceTests.xctest */ = {isa = PBXFileReference; explicitFileType = wrapper.cfbundle; includeInIndex = 0; path = CiriceTests.xctest; sourceTree = BUILT_PRODUCTS_DIR; };
		313E4F4028510C0100DC7CFD /* CiriceTests.swift */ = {isa = PBXFileReference; lastKnownFileType = sourcecode.swift; path = CiriceTests.swift; sourceTree = "<group>"; };
		313E4F4628510C0100DC7CFD /* CiriceUITests.xctest */ = {isa = PBXFileReference; explicitFileType = wrapper.cfbundle; includeInIndex = 0; path = CiriceUITests.xctest; sourceTree = BUILT_PRODUCTS_DIR; };
		313E4F4A28510C0100DC7CFD /* CiriceUITests.swift */ = {isa = PBXFileReference; lastKnownFileType = sourcecode.swift; path = CiriceUITests.swift; sourceTree = "<group>"; };
		313E4F4C28510C0100DC7CFD /* CiriceUITestsLaunchTests.swift */ = {isa = PBXFileReference; lastKnownFileType = sourcecode.swift; path = CiriceUITestsLaunchTests.swift; sourceTree = "<group>"; };
		313E4F5928510C2E00DC7CFD /* CiriceSDK */ = {isa = PBXFileReference; lastKnownFileType = wrapper; name = CiriceSDK; path = ../CiriceSDK; sourceTree = "<group>"; };
		315863C52854E04000814E3A /* MainDataSource.swift */ = {isa = PBXFileReference; lastKnownFileType = sourcecode.swift; path = MainDataSource.swift; sourceTree = "<group>"; };
		315863C72854E04900814E3A /* MainDelegate.swift */ = {isa = PBXFileReference; lastKnownFileType = sourcecode.swift; path = MainDelegate.swift; sourceTree = "<group>"; };
		315863CD2854E4F900814E3A /* MainTableViewCell.swift */ = {isa = PBXFileReference; lastKnownFileType = sourcecode.swift; path = MainTableViewCell.swift; sourceTree = "<group>"; };
		315863D42854F54F00814E3A /* PictureRequesterViewController.swift */ = {isa = PBXFileReference; lastKnownFileType = sourcecode.swift; path = PictureRequesterViewController.swift; sourceTree = "<group>"; };
		315863D62854F8C300814E3A /* Models.swift */ = {isa = PBXFileReference; lastKnownFileType = sourcecode.swift; path = Models.swift; sourceTree = "<group>"; };
		315863D92855078400814E3A /* PictureRequesterInteractor.swift */ = {isa = PBXFileReference; lastKnownFileType = sourcecode.swift; path = PictureRequesterInteractor.swift; sourceTree = "<group>"; };
		315863DB2855079700814E3A /* PictureRequesterPresenter.swift */ = {isa = PBXFileReference; lastKnownFileType = sourcecode.swift; path = PictureRequesterPresenter.swift; sourceTree = "<group>"; };
		315863DD28550CCC00814E3A /* CiriceRouter.swift */ = {isa = PBXFileReference; lastKnownFileType = sourcecode.swift; path = CiriceRouter.swift; sourceTree = "<group>"; };
		315863DF28551BEB00814E3A /* ImagePickerDelegate.swift */ = {isa = PBXFileReference; lastKnownFileType = sourcecode.swift; path = ImagePickerDelegate.swift; sourceTree = "<group>"; };
/* End PBXFileReference section */

/* Begin PBXFrameworksBuildPhase section */
		313E4F2328510BFF00DC7CFD /* Frameworks */ = {
			isa = PBXFrameworksBuildPhase;
			buildActionMask = 2147483647;
			files = (
				313E4F5C28510C6400DC7CFD /* CiriceSDK in Frameworks */,
			);
			runOnlyForDeploymentPostprocessing = 0;
		};
		313E4F3928510C0100DC7CFD /* Frameworks */ = {
			isa = PBXFrameworksBuildPhase;
			buildActionMask = 2147483647;
			files = (
			);
			runOnlyForDeploymentPostprocessing = 0;
		};
		313E4F4328510C0100DC7CFD /* Frameworks */ = {
			isa = PBXFrameworksBuildPhase;
			buildActionMask = 2147483647;
			files = (
			);
			runOnlyForDeploymentPostprocessing = 0;
		};
/* End PBXFrameworksBuildPhase section */

/* Begin PBXGroup section */
		313E4F1D28510BFF00DC7CFD = {
			isa = PBXGroup;
			children = (
				313E4F5928510C2E00DC7CFD /* CiriceSDK */,
				313E4F2828510BFF00DC7CFD /* Cirice */,
				313E4F3F28510C0100DC7CFD /* CiriceTests */,
				313E4F4928510C0100DC7CFD /* CiriceUITests */,
				313E4F2728510BFF00DC7CFD /* Products */,
				313E4F5A28510C6400DC7CFD /* Frameworks */,
			);
			sourceTree = "<group>";
		};
		313E4F2728510BFF00DC7CFD /* Products */ = {
			isa = PBXGroup;
			children = (
				313E4F2628510BFF00DC7CFD /* Cirice.app */,
				313E4F3C28510C0100DC7CFD /* CiriceTests.xctest */,
				313E4F4628510C0100DC7CFD /* CiriceUITests.xctest */,
			);
			name = Products;
			sourceTree = "<group>";
		};
		313E4F2828510BFF00DC7CFD /* Cirice */ = {
			isa = PBXGroup;
			children = (
				315863D82854F8CB00814E3A /* Models */,
				315863D32854F3DF00814E3A /* PictureRequester */,
				315863C42854E02300814E3A /* Main */,
				313E4F2928510BFF00DC7CFD /* AppDelegate.swift */,
				313E4F2B28510BFF00DC7CFD /* SceneDelegate.swift */,
				313E4F2F28510C0000DC7CFD /* Main.storyboard */,
				313E4F3228510C0100DC7CFD /* Assets.xcassets */,
				313E4F3428510C0100DC7CFD /* LaunchScreen.storyboard */,
				313E4F3728510C0100DC7CFD /* Info.plist */,
				315863DD28550CCC00814E3A /* CiriceRouter.swift */,
			);
			path = Cirice;
			sourceTree = "<group>";
		};
		313E4F3F28510C0100DC7CFD /* CiriceTests */ = {
			isa = PBXGroup;
			children = (
				313E4F4028510C0100DC7CFD /* CiriceTests.swift */,
			);
			path = CiriceTests;
			sourceTree = "<group>";
		};
		313E4F4928510C0100DC7CFD /* CiriceUITests */ = {
			isa = PBXGroup;
			children = (
				313E4F4A28510C0100DC7CFD /* CiriceUITests.swift */,
				313E4F4C28510C0100DC7CFD /* CiriceUITestsLaunchTests.swift */,
			);
			path = CiriceUITests;
			sourceTree = "<group>";
		};
		313E4F5A28510C6400DC7CFD /* Frameworks */ = {
			isa = PBXGroup;
			children = (
			);
			name = Frameworks;
			sourceTree = "<group>";
		};
		315863C42854E02300814E3A /* Main */ = {
			isa = PBXGroup;
			children = (
				313E4F2D28510C0000DC7CFD /* MainViewController.swift */,
				315863C52854E04000814E3A /* MainDataSource.swift */,
				315863C72854E04900814E3A /* MainDelegate.swift */,
				315863CD2854E4F900814E3A /* MainTableViewCell.swift */,
			);
			path = Main;
			sourceTree = "<group>";
		};
		315863D32854F3DF00814E3A /* PictureRequester */ = {
			isa = PBXGroup;
			children = (
				315863D42854F54F00814E3A /* PictureRequesterViewController.swift */,
				315863D92855078400814E3A /* PictureRequesterInteractor.swift */,
				315863DB2855079700814E3A /* PictureRequesterPresenter.swift */,
				315863DF28551BEB00814E3A /* ImagePickerDelegate.swift */,
			);
			path = PictureRequester;
			sourceTree = "<group>";
		};
		315863D82854F8CB00814E3A /* Models */ = {
			isa = PBXGroup;
			children = (
				315863D62854F8C300814E3A /* Models.swift */,
			);
			path = Models;
			sourceTree = "<group>";
		};
/* End PBXGroup section */

/* Begin PBXNativeTarget section */
		313E4F2528510BFF00DC7CFD /* Cirice */ = {
			isa = PBXNativeTarget;
			buildConfigurationList = 313E4F5028510C0100DC7CFD /* Build configuration list for PBXNativeTarget "Cirice" */;
			buildPhases = (
				313E4F2228510BFF00DC7CFD /* Sources */,
				313E4F2328510BFF00DC7CFD /* Frameworks */,
				313E4F2428510BFF00DC7CFD /* Resources */,
			);
			buildRules = (
			);
			dependencies = (
			);
			name = Cirice;
			packageProductDependencies = (
				313E4F5B28510C6400DC7CFD /* CiriceSDK */,
			);
			productName = Cirice;
			productReference = 313E4F2628510BFF00DC7CFD /* Cirice.app */;
			productType = "com.apple.product-type.application";
		};
		313E4F3B28510C0100DC7CFD /* CiriceTests */ = {
			isa = PBXNativeTarget;
			buildConfigurationList = 313E4F5328510C0100DC7CFD /* Build configuration list for PBXNativeTarget "CiriceTests" */;
			buildPhases = (
				313E4F3828510C0100DC7CFD /* Sources */,
				313E4F3928510C0100DC7CFD /* Frameworks */,
				313E4F3A28510C0100DC7CFD /* Resources */,
			);
			buildRules = (
			);
			dependencies = (
				313E4F3E28510C0100DC7CFD /* PBXTargetDependency */,
			);
			name = CiriceTests;
			productName = CiriceTests;
			productReference = 313E4F3C28510C0100DC7CFD /* CiriceTests.xctest */;
			productType = "com.apple.product-type.bundle.unit-test";
		};
		313E4F4528510C0100DC7CFD /* CiriceUITests */ = {
			isa = PBXNativeTarget;
			buildConfigurationList = 313E4F5628510C0100DC7CFD /* Build configuration list for PBXNativeTarget "CiriceUITests" */;
			buildPhases = (
				313E4F4228510C0100DC7CFD /* Sources */,
				313E4F4328510C0100DC7CFD /* Frameworks */,
				313E4F4428510C0100DC7CFD /* Resources */,
			);
			buildRules = (
			);
			dependencies = (
				313E4F4828510C0100DC7CFD /* PBXTargetDependency */,
			);
			name = CiriceUITests;
			productName = CiriceUITests;
			productReference = 313E4F4628510C0100DC7CFD /* CiriceUITests.xctest */;
			productType = "com.apple.product-type.bundle.ui-testing";
		};
/* End PBXNativeTarget section */

/* Begin PBXProject section */
		313E4F1E28510BFF00DC7CFD /* Project object */ = {
			isa = PBXProject;
			attributes = {
				BuildIndependentTargetsInParallel = 1;
				LastSwiftUpdateCheck = 1340;
				LastUpgradeCheck = 1340;
				TargetAttributes = {
					313E4F2528510BFF00DC7CFD = {
						CreatedOnToolsVersion = 13.4;
					};
					313E4F3B28510C0100DC7CFD = {
						CreatedOnToolsVersion = 13.4;
						TestTargetID = 313E4F2528510BFF00DC7CFD;
					};
					313E4F4528510C0100DC7CFD = {
						CreatedOnToolsVersion = 13.4;
						TestTargetID = 313E4F2528510BFF00DC7CFD;
					};
				};
			};
			buildConfigurationList = 313E4F2128510BFF00DC7CFD /* Build configuration list for PBXProject "Cirice" */;
			compatibilityVersion = "Xcode 13.0";
			developmentRegion = en;
			hasScannedForEncodings = 0;
			knownRegions = (
				en,
				Base,
			);
			mainGroup = 313E4F1D28510BFF00DC7CFD;
			productRefGroup = 313E4F2728510BFF00DC7CFD /* Products */;
			projectDirPath = "";
			projectRoot = "";
			targets = (
				313E4F2528510BFF00DC7CFD /* Cirice */,
				313E4F3B28510C0100DC7CFD /* CiriceTests */,
				313E4F4528510C0100DC7CFD /* CiriceUITests */,
			);
		};
/* End PBXProject section */

/* Begin PBXResourcesBuildPhase section */
		313E4F2428510BFF00DC7CFD /* Resources */ = {
			isa = PBXResourcesBuildPhase;
			buildActionMask = 2147483647;
			files = (
				313E4F3628510C0100DC7CFD /* LaunchScreen.storyboard in Resources */,
				313E4F3328510C0100DC7CFD /* Assets.xcassets in Resources */,
				313E4F3128510C0000DC7CFD /* Main.storyboard in Resources */,
			);
			runOnlyForDeploymentPostprocessing = 0;
		};
		313E4F3A28510C0100DC7CFD /* Resources */ = {
			isa = PBXResourcesBuildPhase;
			buildActionMask = 2147483647;
			files = (
			);
			runOnlyForDeploymentPostprocessing = 0;
		};
		313E4F4428510C0100DC7CFD /* Resources */ = {
			isa = PBXResourcesBuildPhase;
			buildActionMask = 2147483647;
			files = (
			);
			runOnlyForDeploymentPostprocessing = 0;
		};
/* End PBXResourcesBuildPhase section */

/* Begin PBXSourcesBuildPhase section */
		313E4F2228510BFF00DC7CFD /* Sources */ = {
			isa = PBXSourcesBuildPhase;
			buildActionMask = 2147483647;
			files = (
				315863E028551BEB00814E3A /* ImagePickerDelegate.swift in Sources */,
				315863DC2855079700814E3A /* PictureRequesterPresenter.swift in Sources */,
				313E4F2E28510C0000DC7CFD /* MainViewController.swift in Sources */,
				315863CE2854E4F900814E3A /* MainTableViewCell.swift in Sources */,
				313E4F2A28510BFF00DC7CFD /* AppDelegate.swift in Sources */,
				315863D72854F8C300814E3A /* Models.swift in Sources */,
				315863DA2855078400814E3A /* PictureRequesterInteractor.swift in Sources */,
				315863DE28550CCC00814E3A /* CiriceRouter.swift in Sources */,
				315863D52854F54F00814E3A /* PictureRequesterViewController.swift in Sources */,
				313E4F2C28510BFF00DC7CFD /* SceneDelegate.swift in Sources */,
				315863C82854E04900814E3A /* MainDelegate.swift in Sources */,
				315863C62854E04000814E3A /* MainDataSource.swift in Sources */,
			);
			runOnlyForDeploymentPostprocessing = 0;
		};
		313E4F3828510C0100DC7CFD /* Sources */ = {
			isa = PBXSourcesBuildPhase;
			buildActionMask = 2147483647;
			files = (
				313E4F4128510C0100DC7CFD /* CiriceTests.swift in Sources */,
			);
			runOnlyForDeploymentPostprocessing = 0;
		};
		313E4F4228510C0100DC7CFD /* Sources */ = {
			isa = PBXSourcesBuildPhase;
			buildActionMask = 2147483647;
			files = (
				313E4F4B28510C0100DC7CFD /* CiriceUITests.swift in Sources */,
				313E4F4D28510C0100DC7CFD /* CiriceUITestsLaunchTests.swift in Sources */,
			);
			runOnlyForDeploymentPostprocessing = 0;
		};
/* End PBXSourcesBuildPhase section */

/* Begin PBXTargetDependency section */
		313E4F3E28510C0100DC7CFD /* PBXTargetDependency */ = {
			isa = PBXTargetDependency;
			target = 313E4F2528510BFF00DC7CFD /* Cirice */;
			targetProxy = 313E4F3D28510C0100DC7CFD /* PBXContainerItemProxy */;
		};
		313E4F4828510C0100DC7CFD /* PBXTargetDependency */ = {
			isa = PBXTargetDependency;
			target = 313E4F2528510BFF00DC7CFD /* Cirice */;
			targetProxy = 313E4F4728510C0100DC7CFD /* PBXContainerItemProxy */;
		};
/* End PBXTargetDependency section */

/* Begin PBXVariantGroup section */
		313E4F2F28510C0000DC7CFD /* Main.storyboard */ = {
			isa = PBXVariantGroup;
			children = (
				313E4F3028510C0000DC7CFD /* Base */,
			);
			name = Main.storyboard;
			sourceTree = "<group>";
		};
		313E4F3428510C0100DC7CFD /* LaunchScreen.storyboard */ = {
			isa = PBXVariantGroup;
			children = (
				313E4F3528510C0100DC7CFD /* Base */,
			);
			name = LaunchScreen.storyboard;
			sourceTree = "<group>";
		};
/* End PBXVariantGroup section */

/* Begin XCBuildConfiguration section */
		313E4F4E28510C0100DC7CFD /* Debug */ = {
			isa = XCBuildConfiguration;
			buildSettings = {
				ALWAYS_SEARCH_USER_PATHS = NO;
				CLANG_ANALYZER_NONNULL = YES;
				CLANG_ANALYZER_NUMBER_OBJECT_CONVERSION = YES_AGGRESSIVE;
				CLANG_CXX_LANGUAGE_STANDARD = "gnu++17";
				CLANG_ENABLE_MODULES = YES;
				CLANG_ENABLE_OBJC_ARC = YES;
				CLANG_ENABLE_OBJC_WEAK = YES;
				CLANG_WARN_BLOCK_CAPTURE_AUTORELEASING = YES;
				CLANG_WARN_BOOL_CONVERSION = YES;
				CLANG_WARN_COMMA = YES;
				CLANG_WARN_CONSTANT_CONVERSION = YES;
				CLANG_WARN_DEPRECATED_OBJC_IMPLEMENTATIONS = YES;
				CLANG_WARN_DIRECT_OBJC_ISA_USAGE = YES_ERROR;
				CLANG_WARN_DOCUMENTATION_COMMENTS = YES;
				CLANG_WARN_EMPTY_BODY = YES;
				CLANG_WARN_ENUM_CONVERSION = YES;
				CLANG_WARN_INFINITE_RECURSION = YES;
				CLANG_WARN_INT_CONVERSION = YES;
				CLANG_WARN_NON_LITERAL_NULL_CONVERSION = YES;
				CLANG_WARN_OBJC_IMPLICIT_RETAIN_SELF = YES;
				CLANG_WARN_OBJC_LITERAL_CONVERSION = YES;
				CLANG_WARN_OBJC_ROOT_CLASS = YES_ERROR;
				CLANG_WARN_QUOTED_INCLUDE_IN_FRAMEWORK_HEADER = YES;
				CLANG_WARN_RANGE_LOOP_ANALYSIS = YES;
				CLANG_WARN_STRICT_PROTOTYPES = YES;
				CLANG_WARN_SUSPICIOUS_MOVE = YES;
				CLANG_WARN_UNGUARDED_AVAILABILITY = YES_AGGRESSIVE;
				CLANG_WARN_UNREACHABLE_CODE = YES;
				CLANG_WARN__DUPLICATE_METHOD_MATCH = YES;
				COPY_PHASE_STRIP = NO;
				DEBUG_INFORMATION_FORMAT = dwarf;
				ENABLE_STRICT_OBJC_MSGSEND = YES;
				ENABLE_TESTABILITY = YES;
				GCC_C_LANGUAGE_STANDARD = gnu11;
				GCC_DYNAMIC_NO_PIC = NO;
				GCC_NO_COMMON_BLOCKS = YES;
				GCC_OPTIMIZATION_LEVEL = 0;
				GCC_PREPROCESSOR_DEFINITIONS = (
					"DEBUG=1",
					"$(inherited)",
				);
				GCC_WARN_64_TO_32_BIT_CONVERSION = YES;
				GCC_WARN_ABOUT_RETURN_TYPE = YES_ERROR;
				GCC_WARN_UNDECLARED_SELECTOR = YES;
				GCC_WARN_UNINITIALIZED_AUTOS = YES_AGGRESSIVE;
				GCC_WARN_UNUSED_FUNCTION = YES;
				GCC_WARN_UNUSED_VARIABLE = YES;
				IPHONEOS_DEPLOYMENT_TARGET = 15.5;
				MTL_ENABLE_DEBUG_INFO = INCLUDE_SOURCE;
				MTL_FAST_MATH = YES;
				ONLY_ACTIVE_ARCH = YES;
				SDKROOT = iphoneos;
				SWIFT_ACTIVE_COMPILATION_CONDITIONS = DEBUG;
				SWIFT_OPTIMIZATION_LEVEL = "-Onone";
			};
			name = Debug;
		};
		313E4F4F28510C0100DC7CFD /* Release */ = {
			isa = XCBuildConfiguration;
			buildSettings = {
				ALWAYS_SEARCH_USER_PATHS = NO;
				CLANG_ANALYZER_NONNULL = YES;
				CLANG_ANALYZER_NUMBER_OBJECT_CONVERSION = YES_AGGRESSIVE;
				CLANG_CXX_LANGUAGE_STANDARD = "gnu++17";
				CLANG_ENABLE_MODULES = YES;
				CLANG_ENABLE_OBJC_ARC = YES;
				CLANG_ENABLE_OBJC_WEAK = YES;
				CLANG_WARN_BLOCK_CAPTURE_AUTORELEASING = YES;
				CLANG_WARN_BOOL_CONVERSION = YES;
				CLANG_WARN_COMMA = YES;
				CLANG_WARN_CONSTANT_CONVERSION = YES;
				CLANG_WARN_DEPRECATED_OBJC_IMPLEMENTATIONS = YES;
				CLANG_WARN_DIRECT_OBJC_ISA_USAGE = YES_ERROR;
				CLANG_WARN_DOCUMENTATION_COMMENTS = YES;
				CLANG_WARN_EMPTY_BODY = YES;
				CLANG_WARN_ENUM_CONVERSION = YES;
				CLANG_WARN_INFINITE_RECURSION = YES;
				CLANG_WARN_INT_CONVERSION = YES;
				CLANG_WARN_NON_LITERAL_NULL_CONVERSION = YES;
				CLANG_WARN_OBJC_IMPLICIT_RETAIN_SELF = YES;
				CLANG_WARN_OBJC_LITERAL_CONVERSION = YES;
				CLANG_WARN_OBJC_ROOT_CLASS = YES_ERROR;
				CLANG_WARN_QUOTED_INCLUDE_IN_FRAMEWORK_HEADER = YES;
				CLANG_WARN_RANGE_LOOP_ANALYSIS = YES;
				CLANG_WARN_STRICT_PROTOTYPES = YES;
				CLANG_WARN_SUSPICIOUS_MOVE = YES;
				CLANG_WARN_UNGUARDED_AVAILABILITY = YES_AGGRESSIVE;
				CLANG_WARN_UNREACHABLE_CODE = YES;
				CLANG_WARN__DUPLICATE_METHOD_MATCH = YES;
				COPY_PHASE_STRIP = NO;
				DEBUG_INFORMATION_FORMAT = "dwarf-with-dsym";
				ENABLE_NS_ASSERTIONS = NO;
				ENABLE_STRICT_OBJC_MSGSEND = YES;
				GCC_C_LANGUAGE_STANDARD = gnu11;
				GCC_NO_COMMON_BLOCKS = YES;
				GCC_WARN_64_TO_32_BIT_CONVERSION = YES;
				GCC_WARN_ABOUT_RETURN_TYPE = YES_ERROR;
				GCC_WARN_UNDECLARED_SELECTOR = YES;
				GCC_WARN_UNINITIALIZED_AUTOS = YES_AGGRESSIVE;
				GCC_WARN_UNUSED_FUNCTION = YES;
				GCC_WARN_UNUSED_VARIABLE = YES;
				IPHONEOS_DEPLOYMENT_TARGET = 15.5;
				MTL_ENABLE_DEBUG_INFO = NO;
				MTL_FAST_MATH = YES;
				SDKROOT = iphoneos;
				SWIFT_COMPILATION_MODE = wholemodule;
				SWIFT_OPTIMIZATION_LEVEL = "-O";
				VALIDATE_PRODUCT = YES;
			};
			name = Release;
		};
		313E4F5128510C0100DC7CFD /* Debug */ = {
			isa = XCBuildConfiguration;
			buildSettings = {
				ASSETCATALOG_COMPILER_APPICON_NAME = AppIcon;
				ASSETCATALOG_COMPILER_GLOBAL_ACCENT_COLOR_NAME = AccentColor;
				CODE_SIGN_STYLE = Automatic;
				CURRENT_PROJECT_VERSION = 1;
				DEVELOPMENT_TEAM = HDDM6H9KFM;
				GENERATE_INFOPLIST_FILE = YES;
				INFOPLIST_FILE = Cirice/Info.plist;
				INFOPLIST_KEY_UIApplicationSupportsIndirectInputEvents = YES;
				INFOPLIST_KEY_UILaunchStoryboardName = LaunchScreen;
				INFOPLIST_KEY_UIMainStoryboardFile = Main;
				INFOPLIST_KEY_UISupportedInterfaceOrientations_iPad = "UIInterfaceOrientationPortrait UIInterfaceOrientationPortraitUpsideDown UIInterfaceOrientationLandscapeLeft UIInterfaceOrientationLandscapeRight";
				INFOPLIST_KEY_UISupportedInterfaceOrientations_iPhone = "UIInterfaceOrientationPortrait UIInterfaceOrientationLandscapeLeft UIInterfaceOrientationLandscapeRight";
				LD_RUNPATH_SEARCH_PATHS = (
					"$(inherited)",
					"@executable_path/Frameworks",
				);
				MARKETING_VERSION = 1.0;
				PRODUCT_BUNDLE_IDENTIFIER = com.heavenlapse.Cirice;
				PRODUCT_NAME = "$(TARGET_NAME)";
				SWIFT_EMIT_LOC_STRINGS = YES;
				SWIFT_VERSION = 5.0;
				TARGETED_DEVICE_FAMILY = "1,2";
			};
			name = Debug;
		};
		313E4F5228510C0100DC7CFD /* Release */ = {
			isa = XCBuildConfiguration;
			buildSettings = {
				ASSETCATALOG_COMPILER_APPICON_NAME = AppIcon;
				ASSETCATALOG_COMPILER_GLOBAL_ACCENT_COLOR_NAME = AccentColor;
				CODE_SIGN_STYLE = Automatic;
				CURRENT_PROJECT_VERSION = 1;
				DEVELOPMENT_TEAM = HDDM6H9KFM;
				GENERATE_INFOPLIST_FILE = YES;
				INFOPLIST_FILE = Cirice/Info.plist;
				INFOPLIST_KEY_UIApplicationSupportsIndirectInputEvents = YES;
				INFOPLIST_KEY_UILaunchStoryboardName = LaunchScreen;
				INFOPLIST_KEY_UIMainStoryboardFile = Main;
				INFOPLIST_KEY_UISupportedInterfaceOrientations_iPad = "UIInterfaceOrientationPortrait UIInterfaceOrientationPortraitUpsideDown UIInterfaceOrientationLandscapeLeft UIInterfaceOrientationLandscapeRight";
				INFOPLIST_KEY_UISupportedInterfaceOrientations_iPhone = "UIInterfaceOrientationPortrait UIInterfaceOrientationLandscapeLeft UIInterfaceOrientationLandscapeRight";
				LD_RUNPATH_SEARCH_PATHS = (
					"$(inherited)",
					"@executable_path/Frameworks",
				);
				MARKETING_VERSION = 1.0;
				PRODUCT_BUNDLE_IDENTIFIER = com.heavenlapse.Cirice;
				PRODUCT_NAME = "$(TARGET_NAME)";
				SWIFT_EMIT_LOC_STRINGS = YES;
				SWIFT_VERSION = 5.0;
				TARGETED_DEVICE_FAMILY = "1,2";
			};
			name = Release;
		};
		313E4F5428510C0100DC7CFD /* Debug */ = {
			isa = XCBuildConfiguration;
			buildSettings = {
				ALWAYS_EMBED_SWIFT_STANDARD_LIBRARIES = YES;
				BUNDLE_LOADER = "$(TEST_HOST)";
				CODE_SIGN_STYLE = Automatic;
				CURRENT_PROJECT_VERSION = 1;
				DEVELOPMENT_TEAM = 3KVY8YFHHN;
				GENERATE_INFOPLIST_FILE = YES;
				IPHONEOS_DEPLOYMENT_TARGET = 15.5;
				MARKETING_VERSION = 1.0;
				PRODUCT_BUNDLE_IDENTIFIER = dev.gerson.CiriceTests;
				PRODUCT_NAME = "$(TARGET_NAME)";
				SWIFT_EMIT_LOC_STRINGS = NO;
				SWIFT_VERSION = 5.0;
				TARGETED_DEVICE_FAMILY = "1,2";
				TEST_HOST = "$(BUILT_PRODUCTS_DIR)/Cirice.app/Cirice";
			};
			name = Debug;
		};
		313E4F5528510C0100DC7CFD /* Release */ = {
			isa = XCBuildConfiguration;
			buildSettings = {
				ALWAYS_EMBED_SWIFT_STANDARD_LIBRARIES = YES;
				BUNDLE_LOADER = "$(TEST_HOST)";
				CODE_SIGN_STYLE = Automatic;
				CURRENT_PROJECT_VERSION = 1;
				DEVELOPMENT_TEAM = 3KVY8YFHHN;
				GENERATE_INFOPLIST_FILE = YES;
				IPHONEOS_DEPLOYMENT_TARGET = 15.5;
				MARKETING_VERSION = 1.0;
				PRODUCT_BUNDLE_IDENTIFIER = dev.gerson.CiriceTests;
				PRODUCT_NAME = "$(TARGET_NAME)";
				SWIFT_EMIT_LOC_STRINGS = NO;
				SWIFT_VERSION = 5.0;
				TARGETED_DEVICE_FAMILY = "1,2";
				TEST_HOST = "$(BUILT_PRODUCTS_DIR)/Cirice.app/Cirice";
			};
			name = Release;
		};
		313E4F5728510C0100DC7CFD /* Debug */ = {
			isa = XCBuildConfiguration;
			buildSettings = {
				ALWAYS_EMBED_SWIFT_STANDARD_LIBRARIES = YES;
				CODE_SIGN_STYLE = Automatic;
				CURRENT_PROJECT_VERSION = 1;
				DEVELOPMENT_TEAM = 3KVY8YFHHN;
				GENERATE_INFOPLIST_FILE = YES;
				MARKETING_VERSION = 1.0;
				PRODUCT_BUNDLE_IDENTIFIER = dev.gerson.CiriceUITests;
				PRODUCT_NAME = "$(TARGET_NAME)";
				SWIFT_EMIT_LOC_STRINGS = NO;
				SWIFT_VERSION = 5.0;
				TARGETED_DEVICE_FAMILY = "1,2";
				TEST_TARGET_NAME = Cirice;
			};
			name = Debug;
		};
		313E4F5828510C0100DC7CFD /* Release */ = {
			isa = XCBuildConfiguration;
			buildSettings = {
				ALWAYS_EMBED_SWIFT_STANDARD_LIBRARIES = YES;
				CODE_SIGN_STYLE = Automatic;
				CURRENT_PROJECT_VERSION = 1;
				DEVELOPMENT_TEAM = 3KVY8YFHHN;
				GENERATE_INFOPLIST_FILE = YES;
				MARKETING_VERSION = 1.0;
				PRODUCT_BUNDLE_IDENTIFIER = dev.gerson.CiriceUITests;
				PRODUCT_NAME = "$(TARGET_NAME)";
				SWIFT_EMIT_LOC_STRINGS = NO;
				SWIFT_VERSION = 5.0;
				TARGETED_DEVICE_FAMILY = "1,2";
				TEST_TARGET_NAME = Cirice;
			};
			name = Release;
		};
/* End XCBuildConfiguration section */

/* Begin XCConfigurationList section */
		313E4F2128510BFF00DC7CFD /* Build configuration list for PBXProject "Cirice" */ = {
			isa = XCConfigurationList;
			buildConfigurations = (
				313E4F4E28510C0100DC7CFD /* Debug */,
				313E4F4F28510C0100DC7CFD /* Release */,
			);
			defaultConfigurationIsVisible = 0;
			defaultConfigurationName = Release;
		};
		313E4F5028510C0100DC7CFD /* Build configuration list for PBXNativeTarget "Cirice" */ = {
			isa = XCConfigurationList;
			buildConfigurations = (
				313E4F5128510C0100DC7CFD /* Debug */,
				313E4F5228510C0100DC7CFD /* Release */,
			);
			defaultConfigurationIsVisible = 0;
			defaultConfigurationName = Release;
		};
		313E4F5328510C0100DC7CFD /* Build configuration list for PBXNativeTarget "CiriceTests" */ = {
			isa = XCConfigurationList;
			buildConfigurations = (
				313E4F5428510C0100DC7CFD /* Debug */,
				313E4F5528510C0100DC7CFD /* Release */,
			);
			defaultConfigurationIsVisible = 0;
			defaultConfigurationName = Release;
		};
		313E4F5628510C0100DC7CFD /* Build configuration list for PBXNativeTarget "CiriceUITests" */ = {
			isa = XCConfigurationList;
			buildConfigurations = (
				313E4F5728510C0100DC7CFD /* Debug */,
				313E4F5828510C0100DC7CFD /* Release */,
			);
			defaultConfigurationIsVisible = 0;
			defaultConfigurationName = Release;
		};
/* End XCConfigurationList section */

/* Begin XCSwiftPackageProductDependency section */
		313E4F5B28510C6400DC7CFD /* CiriceSDK */ = {
			isa = XCSwiftPackageProductDependency;
			productName = CiriceSDK;
		};
/* End XCSwiftPackageProductDependency section */
	};
	rootObject = 313E4F1E28510BFF00DC7CFD /* Project object */;
}
